
Microsoft Visual Studio Solution File, Format Version 12.00
# Visual Studio 2012
Project("{FAE04EC0-301F-11D3-BF4B-00C04F79EFBC}") = "Server", "Server\Server.csproj", "{0BCEA4BD-10A7-4959-8708-0E3BF15B8148}"
EndProject
Project("{FAE04EC0-301F-11D3-BF4B-00C04F79EFBC}") = "ClientApp", "ClientApp\ClientApp.csproj", "{445CEEB2-A042-4D52-947B-11858A754C94}"
EndProject
Global
	GlobalSection(SolutionConfigurationPlatforms) = preSolution
		Debug|Any CPU = Debug|Any CPU
		Release|Any CPU = Release|Any CPU
	EndGlobalSection
	GlobalSection(ProjectConfigurationPlatforms) = postSolution
		{0BCEA4BD-10A7-4959-8708-0E3BF15B8148}.Debug|Any CPU.ActiveCfg = Debug|Any CPU
		{0BCEA4BD-10A7-4959-8708-0E3BF15B8148}.Debug|Any CPU.Build.0 = Debug|Any CPU
		{0BCEA4BD-10A7-4959-8708-0E3BF15B8148}.Release|Any CPU.ActiveCfg = Release|Any CPU
		{0BCEA4BD-10A7-4959-8708-0E3BF15B8148}.Release|Any CPU.Build.0 = Release|Any CPU
		{445CEEB2-A042-4D52-947B-11858A754C94}.Debug|Any CPU.ActiveCfg = Debug|Any CPU
		{445CEEB2-A042-4D52-947B-11858A754C94}.Debug|Any CPU.Build.0 = Debug|Any CPU
		{445CEEB2-A042-4D52-947B-11858A754C94}.Release|Any CPU.ActiveCfg = Release|Any CPU
		{445CEEB2-A042-4D52-947B-11858A754C94}.Release|Any CPU.Build.0 = Release|Any CPU
	EndGlobalSection
	GlobalSection(SolutionProperties) = preSolution
		HideSolutionNode = FALSE
	EndGlobalSection
EndGlobal
